// !$*UTF8*$!
{
	archiveVersion = 1;
	classes = {
	};
	objectVersion = 50;
	objects = {

/* Begin PBXBuildFile section */
		0883B962240828320087A72A /* ResetType.swift in Sources */ = {isa = PBXBuildFile; fileRef = 0883B95B240828310087A72A /* ResetType.swift */; };
		0883B963240828320087A72A /* EntryViewStyle.swift in Sources */ = {isa = PBXBuildFile; fileRef = 0883B95C240828310087A72A /* EntryViewStyle.swift */; };
		0883B964240828320087A72A /* VKPinCodeView.swift in Sources */ = {isa = PBXBuildFile; fileRef = 0883B95D240828310087A72A /* VKPinCodeView.swift */; };
		0883B965240828320087A72A /* BorderStyle.swift in Sources */ = {isa = PBXBuildFile; fileRef = 0883B95E240828310087A72A /* BorderStyle.swift */; };
		0883B967240828320087A72A /* UnderlineStyle.swift in Sources */ = {isa = PBXBuildFile; fileRef = 0883B960240828310087A72A /* UnderlineStyle.swift */; };
		0883B968240828320087A72A /* VKLabel.swift in Sources */ = {isa = PBXBuildFile; fileRef = 0883B961240828310087A72A /* VKLabel.swift */; };
		7709F0E02221DC1200CA659F /* ShadowView.swift in Sources */ = {isa = PBXBuildFile; fileRef = 7709F0DF2221DC1200CA659F /* ShadowView.swift */; };
		7754FF3C2222A53700BF8FFF /* VKPinCodeViewLibrary.h in Headers */ = {isa = PBXBuildFile; fileRef = 7754FF3A2222A53700BF8FFF /* VKPinCodeViewLibrary.h */; settings = {ATTRIBUTES = (Public, ); }; };
		7754FF3F2222A53700BF8FFF /* VKPinCodeViewLibrary.framework in Frameworks */ = {isa = PBXBuildFile; fileRef = 7754FF382222A53700BF8FFF /* VKPinCodeViewLibrary.framework */; };
		7754FF402222A53700BF8FFF /* VKPinCodeViewLibrary.framework in Embed Frameworks */ = {isa = PBXBuildFile; fileRef = 7754FF382222A53700BF8FFF /* VKPinCodeViewLibrary.framework */; settings = {ATTRIBUTES = (CodeSignOnCopy, RemoveHeadersOnCopy, ); }; };
		77FD7792221F69EE00DC6541 /* AppDelegate.swift in Sources */ = {isa = PBXBuildFile; fileRef = 77FD7791221F69EE00DC6541 /* AppDelegate.swift */; };
		77FD7794221F69EE00DC6541 /* ViewController.swift in Sources */ = {isa = PBXBuildFile; fileRef = 77FD7793221F69EE00DC6541 /* ViewController.swift */; };
		77FD7797221F69EE00DC6541 /* Main.storyboard in Resources */ = {isa = PBXBuildFile; fileRef = 77FD7795221F69EE00DC6541 /* Main.storyboard */; };
		77FD7799221F69EF00DC6541 /* Assets.xcassets in Resources */ = {isa = PBXBuildFile; fileRef = 77FD7798221F69EF00DC6541 /* Assets.xcassets */; };
		77FD779C221F69EF00DC6541 /* LaunchScreen.storyboard in Resources */ = {isa = PBXBuildFile; fileRef = 77FD779A221F69EF00DC6541 /* LaunchScreen.storyboard */; };
		D4D7B83925096F94003C009D /* VKPinCodeViewSettings.swift in Sources */ = {isa = PBXBuildFile; fileRef = D4D7B83825096F94003C009D /* VKPinCodeViewSettings.swift */; };
		D4D7B843250978C5003C009D /* ResetType.swift in Sources */ = {isa = PBXBuildFile; fileRef = D4D7B83B250978C5003C009D /* ResetType.swift */; };
		D4D7B844250978C5003C009D /* EntryViewStyle.swift in Sources */ = {isa = PBXBuildFile; fileRef = D4D7B83C250978C5003C009D /* EntryViewStyle.swift */; };
		D4D7B845250978C5003C009D /* VKPinCodeView.swift in Sources */ = {isa = PBXBuildFile; fileRef = D4D7B83D250978C5003C009D /* VKPinCodeView.swift */; };
		D4D7B846250978C5003C009D /* BorderStyle.swift in Sources */ = {isa = PBXBuildFile; fileRef = D4D7B83E250978C5003C009D /* BorderStyle.swift */; };
		D4D7B847250978C5003C009D /* VKPinCodeViewSettings.swift in Sources */ = {isa = PBXBuildFile; fileRef = D4D7B83F250978C5003C009D /* VKPinCodeViewSettings.swift */; };
		D4D7B849250978C5003C009D /* UnderlineStyle.swift in Sources */ = {isa = PBXBuildFile; fileRef = D4D7B841250978C5003C009D /* UnderlineStyle.swift */; };
		D4D7B84A250978C5003C009D /* VKLabel.swift in Sources */ = {isa = PBXBuildFile; fileRef = D4D7B842250978C5003C009D /* VKLabel.swift */; };
/* End PBXBuildFile section */

/* Begin PBXContainerItemProxy section */
		7754FF3D2222A53700BF8FFF /* PBXContainerItemProxy */ = {
			isa = PBXContainerItemProxy;
			containerPortal = 77FD7786221F69EE00DC6541 /* Project object */;
			proxyType = 1;
			remoteGlobalIDString = 7754FF372222A53700BF8FFF;
			remoteInfo = VKPinCodeViewLibrary;
		};
/* End PBXContainerItemProxy section */

/* Begin PBXCopyFilesBuildPhase section */
		7754FF442222A53700BF8FFF /* Embed Frameworks */ = {
			isa = PBXCopyFilesBuildPhase;
			buildActionMask = 2147483647;
			dstPath = "";
			dstSubfolderSpec = 10;
			files = (
				7754FF402222A53700BF8FFF /* VKPinCodeViewLibrary.framework in Embed Frameworks */,
			);
			name = "Embed Frameworks";
			runOnlyForDeploymentPostprocessing = 0;
		};
/* End PBXCopyFilesBuildPhase section */

/* Begin PBXFileReference section */
		0883B95B240828310087A72A /* ResetType.swift */ = {isa = PBXFileReference; fileEncoding = 4; lastKnownFileType = sourcecode.swift; path = ResetType.swift; sourceTree = "<group>"; };
		0883B95C240828310087A72A /* EntryViewStyle.swift */ = {isa = PBXFileReference; fileEncoding = 4; lastKnownFileType = sourcecode.swift; path = EntryViewStyle.swift; sourceTree = "<group>"; };
		0883B95D240828310087A72A /* VKPinCodeView.swift */ = {isa = PBXFileReference; fileEncoding = 4; lastKnownFileType = sourcecode.swift; path = VKPinCodeView.swift; sourceTree = "<group>"; };
		0883B95E240828310087A72A /* BorderStyle.swift */ = {isa = PBXFileReference; fileEncoding = 4; lastKnownFileType = sourcecode.swift; path = BorderStyle.swift; sourceTree = "<group>"; };
		0883B960240828310087A72A /* UnderlineStyle.swift */ = {isa = PBXFileReference; fileEncoding = 4; lastKnownFileType = sourcecode.swift; path = UnderlineStyle.swift; sourceTree = "<group>"; };
		0883B961240828310087A72A /* VKLabel.swift */ = {isa = PBXFileReference; fileEncoding = 4; lastKnownFileType = sourcecode.swift; path = VKLabel.swift; sourceTree = "<group>"; };
		7709F0DF2221DC1200CA659F /* ShadowView.swift */ = {isa = PBXFileReference; lastKnownFileType = sourcecode.swift; path = ShadowView.swift; sourceTree = "<group>"; };
		7754FF382222A53700BF8FFF /* VKPinCodeViewLibrary.framework */ = {isa = PBXFileReference; explicitFileType = wrapper.framework; includeInIndex = 0; path = VKPinCodeViewLibrary.framework; sourceTree = BUILT_PRODUCTS_DIR; };
		7754FF3A2222A53700BF8FFF /* VKPinCodeViewLibrary.h */ = {isa = PBXFileReference; lastKnownFileType = sourcecode.c.h; path = VKPinCodeViewLibrary.h; sourceTree = "<group>"; };
		7754FF3B2222A53700BF8FFF /* Info.plist */ = {isa = PBXFileReference; lastKnownFileType = text.plist.xml; path = Info.plist; sourceTree = "<group>"; };
		77FD778E221F69EE00DC6541 /* VKPinCodeView.app */ = {isa = PBXFileReference; explicitFileType = wrapper.application; includeInIndex = 0; path = VKPinCodeView.app; sourceTree = BUILT_PRODUCTS_DIR; };
		77FD7791221F69EE00DC6541 /* AppDelegate.swift */ = {isa = PBXFileReference; lastKnownFileType = sourcecode.swift; path = AppDelegate.swift; sourceTree = "<group>"; };
		77FD7793221F69EE00DC6541 /* ViewController.swift */ = {isa = PBXFileReference; lastKnownFileType = sourcecode.swift; path = ViewController.swift; sourceTree = "<group>"; };
		77FD7796221F69EE00DC6541 /* Base */ = {isa = PBXFileReference; lastKnownFileType = file.storyboard; name = Base; path = Base.lproj/Main.storyboard; sourceTree = "<group>"; };
		77FD7798221F69EF00DC6541 /* Assets.xcassets */ = {isa = PBXFileReference; lastKnownFileType = folder.assetcatalog; path = Assets.xcassets; sourceTree = "<group>"; };
		77FD779B221F69EF00DC6541 /* Base */ = {isa = PBXFileReference; lastKnownFileType = file.storyboard; name = Base; path = Base.lproj/LaunchScreen.storyboard; sourceTree = "<group>"; };
		77FD779D221F69EF00DC6541 /* Info.plist */ = {isa = PBXFileReference; lastKnownFileType = text.plist.xml; path = Info.plist; sourceTree = "<group>"; };
		D4D7B83825096F94003C009D /* VKPinCodeViewSettings.swift */ = {isa = PBXFileReference; lastKnownFileType = sourcecode.swift; path = VKPinCodeViewSettings.swift; sourceTree = "<group>"; };
		D4D7B83B250978C5003C009D /* ResetType.swift */ = {isa = PBXFileReference; fileEncoding = 4; lastKnownFileType = sourcecode.swift; path = ResetType.swift; sourceTree = "<group>"; };
		D4D7B83C250978C5003C009D /* EntryViewStyle.swift */ = {isa = PBXFileReference; fileEncoding = 4; lastKnownFileType = sourcecode.swift; path = EntryViewStyle.swift; sourceTree = "<group>"; };
		D4D7B83D250978C5003C009D /* VKPinCodeView.swift */ = {isa = PBXFileReference; fileEncoding = 4; lastKnownFileType = sourcecode.swift; path = VKPinCodeView.swift; sourceTree = "<group>"; };
		D4D7B83E250978C5003C009D /* BorderStyle.swift */ = {isa = PBXFileReference; fileEncoding = 4; lastKnownFileType = sourcecode.swift; path = BorderStyle.swift; sourceTree = "<group>"; };
		D4D7B83F250978C5003C009D /* VKPinCodeViewSettings.swift */ = {isa = PBXFileReference; fileEncoding = 4; lastKnownFileType = sourcecode.swift; path = VKPinCodeViewSettings.swift; sourceTree = "<group>"; };
		D4D7B841250978C5003C009D /* UnderlineStyle.swift */ = {isa = PBXFileReference; fileEncoding = 4; lastKnownFileType = sourcecode.swift; path = UnderlineStyle.swift; sourceTree = "<group>"; };
		D4D7B842250978C5003C009D /* VKLabel.swift */ = {isa = PBXFileReference; fileEncoding = 4; lastKnownFileType = sourcecode.swift; path = VKLabel.swift; sourceTree = "<group>"; };
/* End PBXFileReference section */

/* Begin PBXFrameworksBuildPhase section */
		7754FF352222A53700BF8FFF /* Frameworks */ = {
			isa = PBXFrameworksBuildPhase;
			buildActionMask = 2147483647;
			files = (
			);
			runOnlyForDeploymentPostprocessing = 0;
		};
		77FD778B221F69EE00DC6541 /* Frameworks */ = {
			isa = PBXFrameworksBuildPhase;
			buildActionMask = 2147483647;
			files = (
				7754FF3F2222A53700BF8FFF /* VKPinCodeViewLibrary.framework in Frameworks */,
			);
			runOnlyForDeploymentPostprocessing = 0;
		};
/* End PBXFrameworksBuildPhase section */

/* Begin PBXGroup section */
		0883B95A240828310087A72A /* Sources */ = {
			isa = PBXGroup;
			children = (
				0883B95B240828310087A72A /* ResetType.swift */,
				0883B95C240828310087A72A /* EntryViewStyle.swift */,
				0883B95D240828310087A72A /* VKPinCodeView.swift */,
				D4D7B83825096F94003C009D /* VKPinCodeViewSettings.swift */,
				0883B95E240828310087A72A /* BorderStyle.swift */,
				0883B960240828310087A72A /* UnderlineStyle.swift */,
				0883B961240828310087A72A /* VKLabel.swift */,
			);
			name = Sources;
			path = ../../Sources;
			sourceTree = "<group>";
		};
		17B70153E4F01E9A05AEDF58 /* Frameworks */ = {
			isa = PBXGroup;
			children = (
			);
			name = Frameworks;
			sourceTree = "<group>";
		};
		7754FF392222A53700BF8FFF /* VKPinCodeViewLibrary */ = {
			isa = PBXGroup;
			children = (
				D4D7B83A250978C5003C009D /* Sources */,
				7754FF3A2222A53700BF8FFF /* VKPinCodeViewLibrary.h */,
				7754FF3B2222A53700BF8FFF /* Info.plist */,
			);
			path = VKPinCodeViewLibrary;
			sourceTree = "<group>";
		};
		77FD7785221F69EE00DC6541 = {
			isa = PBXGroup;
			children = (
				77FD7790221F69EE00DC6541 /* VKPinCodeViewExample */,
				7754FF392222A53700BF8FFF /* VKPinCodeViewLibrary */,
				77FD778F221F69EE00DC6541 /* Products */,
				17B70153E4F01E9A05AEDF58 /* Frameworks */,
			);
			sourceTree = "<group>";
		};
		77FD778F221F69EE00DC6541 /* Products */ = {
			isa = PBXGroup;
			children = (
				77FD778E221F69EE00DC6541 /* VKPinCodeView.app */,
				7754FF382222A53700BF8FFF /* VKPinCodeViewLibrary.framework */,
			);
			name = Products;
			sourceTree = "<group>";
		};
		77FD7790221F69EE00DC6541 /* VKPinCodeViewExample */ = {
			isa = PBXGroup;
			children = (
				0883B95A240828310087A72A /* Sources */,
				77FD7791221F69EE00DC6541 /* AppDelegate.swift */,
				77FD7793221F69EE00DC6541 /* ViewController.swift */,
				77FD7795221F69EE00DC6541 /* Main.storyboard */,
				77FD7798221F69EF00DC6541 /* Assets.xcassets */,
				77FD779A221F69EF00DC6541 /* LaunchScreen.storyboard */,
				77FD779D221F69EF00DC6541 /* Info.plist */,
				7709F0DF2221DC1200CA659F /* ShadowView.swift */,
			);
			path = VKPinCodeViewExample;
			sourceTree = "<group>";
		};
		D4D7B83A250978C5003C009D /* Sources */ = {
			isa = PBXGroup;
			children = (
				D4D7B83B250978C5003C009D /* ResetType.swift */,
				D4D7B83C250978C5003C009D /* EntryViewStyle.swift */,
				D4D7B83D250978C5003C009D /* VKPinCodeView.swift */,
				D4D7B83E250978C5003C009D /* BorderStyle.swift */,
				D4D7B83F250978C5003C009D /* VKPinCodeViewSettings.swift */,
				D4D7B841250978C5003C009D /* UnderlineStyle.swift */,
				D4D7B842250978C5003C009D /* VKLabel.swift */,
			);
			name = Sources;
			path = ../../Sources;
			sourceTree = "<group>";
		};
/* End PBXGroup section */

/* Begin PBXHeadersBuildPhase section */
		7754FF332222A53700BF8FFF /* Headers */ = {
			isa = PBXHeadersBuildPhase;
			buildActionMask = 2147483647;
			files = (
				7754FF3C2222A53700BF8FFF /* VKPinCodeViewLibrary.h in Headers */,
			);
			runOnlyForDeploymentPostprocessing = 0;
		};
/* End PBXHeadersBuildPhase section */

/* Begin PBXNativeTarget section */
		7754FF372222A53700BF8FFF /* VKPinCodeViewLibrary */ = {
			isa = PBXNativeTarget;
			buildConfigurationList = 7754FF432222A53700BF8FFF /* Build configuration list for PBXNativeTarget "VKPinCodeViewLibrary" */;
			buildPhases = (
				7754FF332222A53700BF8FFF /* Headers */,
				7754FF342222A53700BF8FFF /* Sources */,
				7754FF352222A53700BF8FFF /* Frameworks */,
				7754FF362222A53700BF8FFF /* Resources */,
			);
			buildRules = (
			);
			dependencies = (
			);
			name = VKPinCodeViewLibrary;
			productName = VKPinCodeViewLibrary;
			productReference = 7754FF382222A53700BF8FFF /* VKPinCodeViewLibrary.framework */;
			productType = "com.apple.product-type.framework";
		};
		77FD778D221F69EE00DC6541 /* VKPinCodeView */ = {
			isa = PBXNativeTarget;
			buildConfigurationList = 77FD77A0221F69EF00DC6541 /* Build configuration list for PBXNativeTarget "VKPinCodeView" */;
			buildPhases = (
				77FD778A221F69EE00DC6541 /* Sources */,
				77FD778B221F69EE00DC6541 /* Frameworks */,
				77FD778C221F69EE00DC6541 /* Resources */,
				7754FF442222A53700BF8FFF /* Embed Frameworks */,
			);
			buildRules = (
			);
			dependencies = (
				7754FF3E2222A53700BF8FFF /* PBXTargetDependency */,
			);
			name = VKPinCodeView;
			productName = VKPinCodeViewExample;
			productReference = 77FD778E221F69EE00DC6541 /* VKPinCodeView.app */;
			productType = "com.apple.product-type.application";
		};
/* End PBXNativeTarget section */

/* Begin PBXProject section */
		77FD7786221F69EE00DC6541 /* Project object */ = {
			isa = PBXProject;
			attributes = {
				LastSwiftUpdateCheck = 1010;
				LastUpgradeCheck = 1200;
				ORGANIZATIONNAME = "Vladimir Kokhanevich";
				TargetAttributes = {
					7754FF372222A53700BF8FFF = {
						CreatedOnToolsVersion = 10.1;
						LastSwiftMigration = 1020;
					};
					77FD778D221F69EE00DC6541 = {
						CreatedOnToolsVersion = 10.1;
					};
				};
			};
			buildConfigurationList = 77FD7789221F69EE00DC6541 /* Build configuration list for PBXProject "VKPinCodeView" */;
			compatibilityVersion = "Xcode 9.3";
			developmentRegion = en;
			hasScannedForEncodings = 0;
			knownRegions = (
				en,
				Base,
			);
			mainGroup = 77FD7785221F69EE00DC6541;
			productRefGroup = 77FD778F221F69EE00DC6541 /* Products */;
			projectDirPath = "";
			projectRoot = "";
			targets = (
				77FD778D221F69EE00DC6541 /* VKPinCodeView */,
				7754FF372222A53700BF8FFF /* VKPinCodeViewLibrary */,
			);
		};
/* End PBXProject section */

/* Begin PBXResourcesBuildPhase section */
		7754FF362222A53700BF8FFF /* Resources */ = {
			isa = PBXResourcesBuildPhase;
			buildActionMask = 2147483647;
			files = (
			);
			runOnlyForDeploymentPostprocessing = 0;
		};
		77FD778C221F69EE00DC6541 /* Resources */ = {
			isa = PBXResourcesBuildPhase;
			buildActionMask = 2147483647;
			files = (
				77FD779C221F69EF00DC6541 /* LaunchScreen.storyboard in Resources */,
				77FD7799221F69EF00DC6541 /* Assets.xcassets in Resources */,
				77FD7797221F69EE00DC6541 /* Main.storyboard in Resources */,
			);
			runOnlyForDeploymentPostprocessing = 0;
		};
/* End PBXResourcesBuildPhase section */

/* Begin PBXSourcesBuildPhase section */
		7754FF342222A53700BF8FFF /* Sources */ = {
			isa = PBXSourcesBuildPhase;
			buildActionMask = 2147483647;
			files = (
				D4D7B845250978C5003C009D /* VKPinCodeView.swift in Sources */,
				D4D7B84A250978C5003C009D /* VKLabel.swift in Sources */,
				D4D7B843250978C5003C009D /* ResetType.swift in Sources */,
				D4D7B847250978C5003C009D /* VKPinCodeViewSettings.swift in Sources */,
				D4D7B844250978C5003C009D /* EntryViewStyle.swift in Sources */,
				D4D7B849250978C5003C009D /* UnderlineStyle.swift in Sources */,
				D4D7B846250978C5003C009D /* BorderStyle.swift in Sources */,
			);
			runOnlyForDeploymentPostprocessing = 0;
		};
		77FD778A221F69EE00DC6541 /* Sources */ = {
			isa = PBXSourcesBuildPhase;
			buildActionMask = 2147483647;
			files = (
				0883B964240828320087A72A /* VKPinCodeView.swift in Sources */,
				77FD7794221F69EE00DC6541 /* ViewController.swift in Sources */,
				77FD7792221F69EE00DC6541 /* AppDelegate.swift in Sources */,
				0883B963240828320087A72A /* EntryViewStyle.swift in Sources */,
				0883B965240828320087A72A /* BorderStyle.swift in Sources */,
				7709F0E02221DC1200CA659F /* ShadowView.swift in Sources */,
				0883B968240828320087A72A /* VKLabel.swift in Sources */,
				0883B967240828320087A72A /* UnderlineStyle.swift in Sources */,
				D4D7B83925096F94003C009D /* VKPinCodeViewSettings.swift in Sources */,
				0883B962240828320087A72A /* ResetType.swift in Sources */,
			);
			runOnlyForDeploymentPostprocessing = 0;
		};
/* End PBXSourcesBuildPhase section */

/* Begin PBXTargetDependency section */
		7754FF3E2222A53700BF8FFF /* PBXTargetDependency */ = {
			isa = PBXTargetDependency;
			target = 7754FF372222A53700BF8FFF /* VKPinCodeViewLibrary */;
			targetProxy = 7754FF3D2222A53700BF8FFF /* PBXContainerItemProxy */;
		};
/* End PBXTargetDependency section */

/* Begin PBXVariantGroup section */
		77FD7795221F69EE00DC6541 /* Main.storyboard */ = {
			isa = PBXVariantGroup;
			children = (
				77FD7796221F69EE00DC6541 /* Base */,
			);
			name = Main.storyboard;
			sourceTree = "<group>";
		};
		77FD779A221F69EF00DC6541 /* LaunchScreen.storyboard */ = {
			isa = PBXVariantGroup;
			children = (
				77FD779B221F69EF00DC6541 /* Base */,
			);
			name = LaunchScreen.storyboard;
			sourceTree = "<group>";
		};
/* End PBXVariantGroup section */

/* Begin XCBuildConfiguration section */
		7754FF412222A53700BF8FFF /* Debug */ = {
			isa = XCBuildConfiguration;
			buildSettings = {
				CODE_SIGN_IDENTITY = "";
				CODE_SIGN_STYLE = Automatic;
				CURRENT_PROJECT_VERSION = 1;
				DEFINES_MODULE = YES;
				DYLIB_COMPATIBILITY_VERSION = 1;
				DYLIB_CURRENT_VERSION = 1;
				DYLIB_INSTALL_NAME_BASE = "@rpath";
				INFOPLIST_FILE = VKPinCodeViewLibrary/Info.plist;
				INSTALL_PATH = "$(LOCAL_LIBRARY_DIR)/Frameworks";
				LD_RUNPATH_SEARCH_PATHS = (
					"$(inherited)",
					"@executable_path/Frameworks",
					"@loader_path/Frameworks",
				);
				PRODUCT_BUNDLE_IDENTIFIER = com.vk.app.VKPinCodeViewLibrary;
				PRODUCT_NAME = "$(TARGET_NAME:c99extidentifier)";
				SKIP_INSTALL = YES;
				SWIFT_VERSION = 5.0;
				TARGETED_DEVICE_FAMILY = "1,2";
				VERSIONING_SYSTEM = "apple-generic";
				VERSION_INFO_PREFIX = "";
			};
			name = Debug;
		};
		7754FF422222A53700BF8FFF /* Release */ = {
			isa = XCBuildConfiguration;
			buildSettings = {
				CODE_SIGN_IDENTITY = "";
				CODE_SIGN_STYLE = Automatic;
				CURRENT_PROJECT_VERSION = 1;
				DEFINES_MODULE = YES;
				DYLIB_COMPATIBILITY_VERSION = 1;
				DYLIB_CURRENT_VERSION = 1;
				DYLIB_INSTALL_NAME_BASE = "@rpath";
				INFOPLIST_FILE = VKPinCodeViewLibrary/Info.plist;
				INSTALL_PATH = "$(LOCAL_LIBRARY_DIR)/Frameworks";
				LD_RUNPATH_SEARCH_PATHS = (
					"$(inherited)",
					"@executable_path/Frameworks",
					"@loader_path/Frameworks",
				);
				PRODUCT_BUNDLE_IDENTIFIER = com.vk.app.VKPinCodeViewLibrary;
				PRODUCT_NAME = "$(TARGET_NAME:c99extidentifier)";
				SKIP_INSTALL = YES;
				SWIFT_VERSION = 5.0;
				TARGETED_DEVICE_FAMILY = "1,2";
				VERSIONING_SYSTEM = "apple-generic";
				VERSION_INFO_PREFIX = "";
			};
			name = Release;
		};
		77FD779E221F69EF00DC6541 /* Debug */ = {
			isa = XCBuildConfiguration;
			buildSettings = {
				ALWAYS_SEARCH_USER_PATHS = NO;
				CLANG_ANALYZER_NONNULL = YES;
				CLANG_ANALYZER_NUMBER_OBJECT_CONVERSION = YES_AGGRESSIVE;
				CLANG_CXX_LANGUAGE_STANDARD = "gnu++14";
				CLANG_CXX_LIBRARY = "libc++";
				CLANG_ENABLE_MODULES = YES;
				CLANG_ENABLE_OBJC_ARC = YES;
				CLANG_ENABLE_OBJC_WEAK = YES;
				CLANG_WARN_BLOCK_CAPTURE_AUTORELEASING = YES;
				CLANG_WARN_BOOL_CONVERSION = YES;
				CLANG_WARN_COMMA = YES;
				CLANG_WARN_CONSTANT_CONVERSION = YES;
				CLANG_WARN_DEPRECATED_OBJC_IMPLEMENTATIONS = YES;
				CLANG_WARN_DIRECT_OBJC_ISA_USAGE = YES_ERROR;
				CLANG_WARN_DOCUMENTATION_COMMENTS = YES;
				CLANG_WARN_EMPTY_BODY = YES;
				CLANG_WARN_ENUM_CONVERSION = YES;
				CLANG_WARN_INFINITE_RECURSION = YES;
				CLANG_WARN_INT_CONVERSION = YES;
				CLANG_WARN_NON_LITERAL_NULL_CONVERSION = YES;
				CLANG_WARN_OBJC_IMPLICIT_RETAIN_SELF = YES;
				CLANG_WARN_OBJC_LITERAL_CONVERSION = YES;
				CLANG_WARN_OBJC_ROOT_CLASS = YES_ERROR;
				CLANG_WARN_QUOTED_INCLUDE_IN_FRAMEWORK_HEADER = YES;
				CLANG_WARN_RANGE_LOOP_ANALYSIS = YES;
				CLANG_WARN_STRICT_PROTOTYPES = YES;
				CLANG_WARN_SUSPICIOUS_MOVE = YES;
				CLANG_WARN_UNGUARDED_AVAILABILITY = YES_AGGRESSIVE;
				CLANG_WARN_UNREACHABLE_CODE = YES;
				CLANG_WARN__DUPLICATE_METHOD_MATCH = YES;
				CODE_SIGN_IDENTITY = "iPhone Developer";
				COPY_PHASE_STRIP = NO;
				DEBUG_INFORMATION_FORMAT = dwarf;
				ENABLE_STRICT_OBJC_MSGSEND = YES;
				ENABLE_TESTABILITY = YES;
				GCC_C_LANGUAGE_STANDARD = gnu11;
				GCC_DYNAMIC_NO_PIC = NO;
				GCC_NO_COMMON_BLOCKS = YES;
				GCC_OPTIMIZATION_LEVEL = 0;
				GCC_PREPROCESSOR_DEFINITIONS = (
					"DEBUG=1",
					"$(inherited)",
				);
				GCC_WARN_64_TO_32_BIT_CONVERSION = YES;
				GCC_WARN_ABOUT_RETURN_TYPE = YES_ERROR;
				GCC_WARN_UNDECLARED_SELECTOR = YES;
				GCC_WARN_UNINITIALIZED_AUTOS = YES_AGGRESSIVE;
				GCC_WARN_UNUSED_FUNCTION = YES;
				GCC_WARN_UNUSED_VARIABLE = YES;
				IPHONEOS_DEPLOYMENT_TARGET = 12.1;
				MTL_ENABLE_DEBUG_INFO = INCLUDE_SOURCE;
				MTL_FAST_MATH = YES;
				ONLY_ACTIVE_ARCH = YES;
				SDKROOT = iphoneos;
				SWIFT_ACTIVE_COMPILATION_CONDITIONS = DEBUG;
				SWIFT_OPTIMIZATION_LEVEL = "-Onone";
			};
			name = Debug;
		};
		77FD779F221F69EF00DC6541 /* Release */ = {
			isa = XCBuildConfiguration;
			buildSettings = {
				ALWAYS_SEARCH_USER_PATHS = NO;
				CLANG_ANALYZER_NONNULL = YES;
				CLANG_ANALYZER_NUMBER_OBJECT_CONVERSION = YES_AGGRESSIVE;
				CLANG_CXX_LANGUAGE_STANDARD = "gnu++14";
				CLANG_CXX_LIBRARY = "libc++";
				CLANG_ENABLE_MODULES = YES;
				CLANG_ENABLE_OBJC_ARC = YES;
				CLANG_ENABLE_OBJC_WEAK = YES;
				CLANG_WARN_BLOCK_CAPTURE_AUTORELEASING = YES;
				CLANG_WARN_BOOL_CONVERSION = YES;
				CLANG_WARN_COMMA = YES;
				CLANG_WARN_CONSTANT_CONVERSION = YES;
				CLANG_WARN_DEPRECATED_OBJC_IMPLEMENTATIONS = YES;
				CLANG_WARN_DIRECT_OBJC_ISA_USAGE = YES_ERROR;
				CLANG_WARN_DOCUMENTATION_COMMENTS = YES;
				CLANG_WARN_EMPTY_BODY = YES;
				CLANG_WARN_ENUM_CONVERSION = YES;
				CLANG_WARN_INFINITE_RECURSION = YES;
				CLANG_WARN_INT_CONVERSION = YES;
				CLANG_WARN_NON_LITERAL_NULL_CONVERSION = YES;
				CLANG_WARN_OBJC_IMPLICIT_RETAIN_SELF = YES;
				CLANG_WARN_OBJC_LITERAL_CONVERSION = YES;
				CLANG_WARN_OBJC_ROOT_CLASS = YES_ERROR;
				CLANG_WARN_QUOTED_INCLUDE_IN_FRAMEWORK_HEADER = YES;
				CLANG_WARN_RANGE_LOOP_ANALYSIS = YES;
				CLANG_WARN_STRICT_PROTOTYPES = YES;
				CLANG_WARN_SUSPICIOUS_MOVE = YES;
				CLANG_WARN_UNGUARDED_AVAILABILITY = YES_AGGRESSIVE;
				CLANG_WARN_UNREACHABLE_CODE = YES;
				CLANG_WARN__DUPLICATE_METHOD_MATCH = YES;
				CODE_SIGN_IDENTITY = "iPhone Developer";
				COPY_PHASE_STRIP = NO;
				DEBUG_INFORMATION_FORMAT = "dwarf-with-dsym";
				ENABLE_NS_ASSERTIONS = NO;
				ENABLE_STRICT_OBJC_MSGSEND = YES;
				GCC_C_LANGUAGE_STANDARD = gnu11;
				GCC_NO_COMMON_BLOCKS = YES;
				GCC_WARN_64_TO_32_BIT_CONVERSION = YES;
				GCC_WARN_ABOUT_RETURN_TYPE = YES_ERROR;
				GCC_WARN_UNDECLARED_SELECTOR = YES;
				GCC_WARN_UNINITIALIZED_AUTOS = YES_AGGRESSIVE;
				GCC_WARN_UNUSED_FUNCTION = YES;
				GCC_WARN_UNUSED_VARIABLE = YES;
				IPHONEOS_DEPLOYMENT_TARGET = 12.1;
				MTL_ENABLE_DEBUG_INFO = NO;
				MTL_FAST_MATH = YES;
				SDKROOT = iphoneos;
				SWIFT_COMPILATION_MODE = wholemodule;
				SWIFT_OPTIMIZATION_LEVEL = "-O";
				VALIDATE_PRODUCT = YES;
			};
			name = Release;
		};
		77FD77A1221F69EF00DC6541 /* Debug */ = {
			isa = XCBuildConfiguration;
			buildSettings = {
				ALWAYS_EMBED_SWIFT_STANDARD_LIBRARIES = YES;
				ASSETCATALOG_COMPILER_APPICON_NAME = AppIcon;
				CODE_SIGN_STYLE = Automatic;
				INFOPLIST_FILE = VKPinCodeViewExample/Info.plist;
				LD_RUNPATH_SEARCH_PATHS = (
					"$(inherited)",
					"@executable_path/Frameworks",
				);
				PRODUCT_BUNDLE_IDENTIFIER = com.vk.app.VKPinCodeViewExample;
				PRODUCT_NAME = "$(TARGET_NAME)";
				SWIFT_VERSION = 5.0;
				TARGETED_DEVICE_FAMILY = "1,2";
			};
			name = Debug;
		};
		77FD77A2221F69EF00DC6541 /* Release */ = {
			isa = XCBuildConfiguration;
			buildSettings = {
				ALWAYS_EMBED_SWIFT_STANDARD_LIBRARIES = YES;
				ASSETCATALOG_COMPILER_APPICON_NAME = AppIcon;
				CODE_SIGN_STYLE = Automatic;
				INFOPLIST_FILE = VKPinCodeViewExample/Info.plist;
				LD_RUNPATH_SEARCH_PATHS = (
					"$(inherited)",
					"@executable_path/Frameworks",
				);
				PRODUCT_BUNDLE_IDENTIFIER = com.vk.app.VKPinCodeViewExample;
				PRODUCT_NAME = "$(TARGET_NAME)";
				SWIFT_VERSION = 5.0;
				TARGETED_DEVICE_FAMILY = "1,2";
			};
			name = Release;
		};
/* End XCBuildConfiguration section */

/* Begin XCConfigurationList section */
		7754FF432222A53700BF8FFF /* Build configuration list for PBXNativeTarget "VKPinCodeViewLibrary" */ = {
			isa = XCConfigurationList;
			buildConfigurations = (
				7754FF412222A53700BF8FFF /* Debug */,
				7754FF422222A53700BF8FFF /* Release */,
			);
			defaultConfigurationIsVisible = 0;
			defaultConfigurationName = Release;
		};
		77FD7789221F69EE00DC6541 /* Build configuration list for PBXProject "VKPinCodeView" */ = {
			isa = XCConfigurationList;
			buildConfigurations = (
				77FD779E221F69EF00DC6541 /* Debug */,
				77FD779F221F69EF00DC6541 /* Release */,
			);
			defaultConfigurationIsVisible = 0;
			defaultConfigurationName = Release;
		};
		77FD77A0221F69EF00DC6541 /* Build configuration list for PBXNativeTarget "VKPinCodeView" */ = {
			isa = XCConfigurationList;
			buildConfigurations = (
				77FD77A1221F69EF00DC6541 /* Debug */,
				77FD77A2221F69EF00DC6541 /* Release */,
			);
			defaultConfigurationIsVisible = 0;
			defaultConfigurationName = Release;
		};
/* End XCConfigurationList section */
	};
	rootObject = 77FD7786221F69EE00DC6541 /* Project object */;
}
